
Microsoft Visual Studio Solution File, Format Version 12.00
# Visual Studio 15
VisualStudioVersion = 15.0.26730.12
MinimumVisualStudioVersion = 10.0.40219.1
Project("{9A19103F-16F7-4668-BE54-9A1E7A4F7556}") = "uBidProjectIdentity", "uBidProjectIdentity.csproj", "{BE7F6298-D281-4154-9601-60A54D966A24}"
EndProject
Global
	GlobalSection(SolutionConfigurationPlatforms) = preSolution
		Debug|Any CPU = Debug|Any CPU
		Release|Any CPU = Release|Any CPU
	EndGlobalSection
	GlobalSection(ProjectConfigurationPlatforms) = postSolution
		{BE7F6298-D281-4154-9601-60A54D966A24}.Debug|Any CPU.ActiveCfg = Debug|Any CPU
		{BE7F6298-D281-4154-9601-60A54D966A24}.Debug|Any CPU.Build.0 = Debug|Any CPU
		{BE7F6298-D281-4154-9601-60A54D966A24}.Release|Any CPU.ActiveCfg = Release|Any CPU
		{BE7F6298-D281-4154-9601-60A54D966A24}.Release|Any CPU.Build.0 = Release|Any CPU
	EndGlobalSection
	GlobalSection(SolutionProperties) = preSolution
		HideSolutionNode = FALSE
	EndGlobalSection
	GlobalSection(ExtensibilityGlobals) = postSolution
		SolutionGuid = {69E3104C-82D8-4446-B52C-46825C86420D}
	EndGlobalSection
EndGlobal
